{
    "version": "1.0.0",
    "lockfileVersion": 1,
    "requires": true,
    "dependencies": {
        "@types/three": {
            "version": "0.125.3",
            "resolved": "https://registry.npmjs.org/@types/three/-/three-0.125.3.tgz",
            "integrity": "sha512-tUPMzKooKDvMOhqcNVUPwkt+JNnF8ASgWSsrLgleVd0SjLj4boJhteSsF9f6YDjye0mmUjO+BDMWW83F97ehXA=="
        },
        "ts2fable": {
            "version": "0.7.1",
            "resolved": "https://registry.npmjs.org/ts2fable/-/ts2fable-0.7.1.tgz",
            "integrity": "sha512-4CiCzuWF9ueSLlr+OozcwaehhCno1frnPZbHM7Jd4EfKzSlHk3hyjrhFKttnXQ2Sx0tGe8C4xwjDhnZaOSqFkw==",
            "requires": {
                "typescript": "3.7.4"
            }
        },
        "typescript": {
            "version": "3.7.4",
            "resolved": "https://registry.npmjs.org/typescript/-/typescript-3.7.4.tgz",
            "integrity": "sha512-A25xv5XCtarLwXpcDNZzCGvW2D1S3/bACratYBx2sax8PefsFhlYmkQicKHvpYflFS8if4zne5zT5kpJ7pzuvw=="
        }
    }
}
