
Microsoft Visual Studio Solution File, Format Version 12.00
Project("{F2A71F9B-5D33-465A-A702-920D77279786}") = "PpGen.Web", "PpGen.Web\src\PpGen.Web\PpGen.Web.fsproj", "{9E67BDB8-AB3D-450D-9178-50A2D58AC470}"
EndProject
Project("{F2A71F9B-5D33-465A-A702-920D77279786}") = "PpGen.Server", "PpGen.Server\src\PpGen.Server\PpGen.Server.fsproj", "{80793CC6-A18B-440A-9E20-26A9000413DA}"
EndProject
Project("{F2A71F9B-5D33-465A-A702-920D77279786}") = "PpGen.DiamondSquare", "PpGen.DiamondSquare\PpGen.DiamondSquare.fsproj", "{F94AE9B0-52B8-4E2B-A058-E5871DEAD38D}"
EndProject
Project("{F2A71F9B-5D33-465A-A702-920D77279786}") = "PpGen.Program", "PpGen.Program\PpGen.Program.fsproj", "{96556C34-0984-48B4-99BD-5D72F0A0176E}"
EndProject
Project("{2150E333-8FDC-42A3-9474-1A3956D46DE8}") = "Web", "Web", "{735DBBA4-5E0F-406C-8B4D-3EA1E6FB0DC0}"
EndProject
Project("{2150E333-8FDC-42A3-9474-1A3956D46DE8}") = "Server", "Server", "{06ADACD2-67A0-4C69-8E23-93FB7A0C5001}"
EndProject
Project("{2150E333-8FDC-42A3-9474-1A3956D46DE8}") = ".local", ".local", "{2E39103D-098F-4663-AC28-C3F741EBEF20}"
ProjectSection(SolutionItems) = preProject
	PpGen.Program\bin\Debug\net5.0\out.png = PpGen.Program\bin\Debug\net5.0\out.png
EndProjectSection
EndProject
Project("{F2A71F9B-5D33-465A-A702-920D77279786}") = "PpGen.Utils", "PpGen.Utils\PpGen.Utils.fsproj", "{7B302358-8E6F-46F4-BEE4-6F2D5AD07CA1}"
EndProject
Project("{F2A71F9B-5D33-465A-A702-920D77279786}") = "PpGen.TetrahedralSubdivision", "PpGen.TetrahedralSubdivision\PpGen.TetrahedralSubdivision.fsproj", "{ED0E5D99-BFD1-4FDE-AA74-ADD26A09CFAC}"
EndProject
Project("{2150E333-8FDC-42A3-9474-1A3956D46DE8}") = "Api", "Api", "{274C25A4-F899-47DF-B19F-B309A9CF4101}"
EndProject
Project("{F2A71F9B-5D33-465A-A702-920D77279786}") = "PpGen.Api", "PpGen.Api\PpGen.Api.fsproj", "{8B3AE9BF-AEB1-449E-8C25-7A2EDE328A58}"
EndProject
Project("{2150E333-8FDC-42A3-9474-1A3956D46DE8}") = "lib", "lib", "{0E38C26D-44F9-4CAE-8205-A04F6DE2E5E6}"
EndProject
Project("{F2A71F9B-5D33-465A-A702-920D77279786}") = "Fable.Import.ThreeJs", "PpGen.Web\lib\Fable.Import.ThreeJs\src\Fable.Import.ThreeJs\Fable.Import.ThreeJs.fsproj", "{71EFA6A0-0F64-4D41-9C75-E938D3796ECC}"
EndProject
Project("{F2A71F9B-5D33-465A-A702-920D77279786}") = "Fable.Import.StatsJs", "PpGen.Web\lib\Fable.Import.StatsJs\src\Fable.Import.StatsJs\Fable.Import.StatsJs.fsproj", "{072CE305-E498-4FEB-99C5-2EB7DE325156}"
EndProject
Project("{F2A71F9B-5D33-465A-A702-920D77279786}") = "Fable.Import.DatGui", "PpGen.Web\lib\Fable.Import.DatGui\src\Fable.Import.DatGui\Fable.Import.DatGui.fsproj", "{504EF1A6-B3B1-4D35-A057-1D3BCDF67818}"
EndProject
Project("{F2A71F9B-5D33-465A-A702-920D77279786}") = "Fable.Import.RxJS", "PpGen.Web\lib\Fable.Import.RxJS\src\Fable.Import.RxJS\Fable.Import.RxJS.fsproj", "{F2429A58-6868-4031-A0CA-D6CC1F493CED}"
EndProject
Global
	GlobalSection(SolutionConfigurationPlatforms) = preSolution
		Debug|Any CPU = Debug|Any CPU
		Release|Any CPU = Release|Any CPU
	EndGlobalSection
	GlobalSection(ProjectConfigurationPlatforms) = postSolution
		{9E67BDB8-AB3D-450D-9178-50A2D58AC470}.Debug|Any CPU.ActiveCfg = Debug|Any CPU
		{9E67BDB8-AB3D-450D-9178-50A2D58AC470}.Debug|Any CPU.Build.0 = Debug|Any CPU
		{9E67BDB8-AB3D-450D-9178-50A2D58AC470}.Release|Any CPU.ActiveCfg = Release|Any CPU
		{9E67BDB8-AB3D-450D-9178-50A2D58AC470}.Release|Any CPU.Build.0 = Release|Any CPU
		{80793CC6-A18B-440A-9E20-26A9000413DA}.Debug|Any CPU.ActiveCfg = Debug|Any CPU
		{80793CC6-A18B-440A-9E20-26A9000413DA}.Debug|Any CPU.Build.0 = Debug|Any CPU
		{80793CC6-A18B-440A-9E20-26A9000413DA}.Release|Any CPU.ActiveCfg = Release|Any CPU
		{80793CC6-A18B-440A-9E20-26A9000413DA}.Release|Any CPU.Build.0 = Release|Any CPU
		{F94AE9B0-52B8-4E2B-A058-E5871DEAD38D}.Debug|Any CPU.ActiveCfg = Debug|Any CPU
		{F94AE9B0-52B8-4E2B-A058-E5871DEAD38D}.Debug|Any CPU.Build.0 = Debug|Any CPU
		{F94AE9B0-52B8-4E2B-A058-E5871DEAD38D}.Release|Any CPU.ActiveCfg = Release|Any CPU
		{F94AE9B0-52B8-4E2B-A058-E5871DEAD38D}.Release|Any CPU.Build.0 = Release|Any CPU
		{96556C34-0984-48B4-99BD-5D72F0A0176E}.Debug|Any CPU.ActiveCfg = Debug|Any CPU
		{96556C34-0984-48B4-99BD-5D72F0A0176E}.Debug|Any CPU.Build.0 = Debug|Any CPU
		{96556C34-0984-48B4-99BD-5D72F0A0176E}.Release|Any CPU.ActiveCfg = Release|Any CPU
		{96556C34-0984-48B4-99BD-5D72F0A0176E}.Release|Any CPU.Build.0 = Release|Any CPU
		{7B302358-8E6F-46F4-BEE4-6F2D5AD07CA1}.Debug|Any CPU.ActiveCfg = Debug|Any CPU
		{7B302358-8E6F-46F4-BEE4-6F2D5AD07CA1}.Debug|Any CPU.Build.0 = Debug|Any CPU
		{7B302358-8E6F-46F4-BEE4-6F2D5AD07CA1}.Release|Any CPU.ActiveCfg = Release|Any CPU
		{7B302358-8E6F-46F4-BEE4-6F2D5AD07CA1}.Release|Any CPU.Build.0 = Release|Any CPU
		{ED0E5D99-BFD1-4FDE-AA74-ADD26A09CFAC}.Debug|Any CPU.ActiveCfg = Debug|Any CPU
		{ED0E5D99-BFD1-4FDE-AA74-ADD26A09CFAC}.Debug|Any CPU.Build.0 = Debug|Any CPU
		{ED0E5D99-BFD1-4FDE-AA74-ADD26A09CFAC}.Release|Any CPU.ActiveCfg = Release|Any CPU
		{ED0E5D99-BFD1-4FDE-AA74-ADD26A09CFAC}.Release|Any CPU.Build.0 = Release|Any CPU
		{8B3AE9BF-AEB1-449E-8C25-7A2EDE328A58}.Debug|Any CPU.ActiveCfg = Debug|Any CPU
		{8B3AE9BF-AEB1-449E-8C25-7A2EDE328A58}.Debug|Any CPU.Build.0 = Debug|Any CPU
		{8B3AE9BF-AEB1-449E-8C25-7A2EDE328A58}.Release|Any CPU.ActiveCfg = Release|Any CPU
		{8B3AE9BF-AEB1-449E-8C25-7A2EDE328A58}.Release|Any CPU.Build.0 = Release|Any CPU
		{71EFA6A0-0F64-4D41-9C75-E938D3796ECC}.Debug|Any CPU.ActiveCfg = Debug|Any CPU
		{71EFA6A0-0F64-4D41-9C75-E938D3796ECC}.Debug|Any CPU.Build.0 = Debug|Any CPU
		{71EFA6A0-0F64-4D41-9C75-E938D3796ECC}.Release|Any CPU.ActiveCfg = Release|Any CPU
		{71EFA6A0-0F64-4D41-9C75-E938D3796ECC}.Release|Any CPU.Build.0 = Release|Any CPU
		{072CE305-E498-4FEB-99C5-2EB7DE325156}.Debug|Any CPU.ActiveCfg = Debug|Any CPU
		{072CE305-E498-4FEB-99C5-2EB7DE325156}.Debug|Any CPU.Build.0 = Debug|Any CPU
		{072CE305-E498-4FEB-99C5-2EB7DE325156}.Release|Any CPU.ActiveCfg = Release|Any CPU
		{072CE305-E498-4FEB-99C5-2EB7DE325156}.Release|Any CPU.Build.0 = Release|Any CPU
		{504EF1A6-B3B1-4D35-A057-1D3BCDF67818}.Debug|Any CPU.ActiveCfg = Debug|Any CPU
		{504EF1A6-B3B1-4D35-A057-1D3BCDF67818}.Debug|Any CPU.Build.0 = Debug|Any CPU
		{504EF1A6-B3B1-4D35-A057-1D3BCDF67818}.Release|Any CPU.ActiveCfg = Release|Any CPU
		{504EF1A6-B3B1-4D35-A057-1D3BCDF67818}.Release|Any CPU.Build.0 = Release|Any CPU
		{F2429A58-6868-4031-A0CA-D6CC1F493CED}.Debug|Any CPU.ActiveCfg = Debug|Any CPU
		{F2429A58-6868-4031-A0CA-D6CC1F493CED}.Debug|Any CPU.Build.0 = Debug|Any CPU
		{F2429A58-6868-4031-A0CA-D6CC1F493CED}.Release|Any CPU.ActiveCfg = Release|Any CPU
		{F2429A58-6868-4031-A0CA-D6CC1F493CED}.Release|Any CPU.Build.0 = Release|Any CPU
	EndGlobalSection
	GlobalSection(NestedProjects) = preSolution
		{80793CC6-A18B-440A-9E20-26A9000413DA} = {06ADACD2-67A0-4C69-8E23-93FB7A0C5001}
		{9E67BDB8-AB3D-450D-9178-50A2D58AC470} = {735DBBA4-5E0F-406C-8B4D-3EA1E6FB0DC0}
		{8B3AE9BF-AEB1-449E-8C25-7A2EDE328A58} = {274C25A4-F899-47DF-B19F-B309A9CF4101}
		{0E38C26D-44F9-4CAE-8205-A04F6DE2E5E6} = {735DBBA4-5E0F-406C-8B4D-3EA1E6FB0DC0}
		{71EFA6A0-0F64-4D41-9C75-E938D3796ECC} = {0E38C26D-44F9-4CAE-8205-A04F6DE2E5E6}
		{072CE305-E498-4FEB-99C5-2EB7DE325156} = {0E38C26D-44F9-4CAE-8205-A04F6DE2E5E6}
		{504EF1A6-B3B1-4D35-A057-1D3BCDF67818} = {0E38C26D-44F9-4CAE-8205-A04F6DE2E5E6}
		{F2429A58-6868-4031-A0CA-D6CC1F493CED} = {0E38C26D-44F9-4CAE-8205-A04F6DE2E5E6}
	EndGlobalSection
EndGlobal
