{
    "requires": true,
    "lockfileVersion": 1,
    "dependencies": {
        "@types/stats": {
            "version": "0.16.30",
            "resolved": "https://registry.npmjs.org/@types/stats/-/stats-0.16.30.tgz",
            "integrity": "sha1-3rX6blnG1nvW4PYaUe9jCoOoTOk=",
            "dev": true
        }
    }
}
