{
    "requires": true,
    "lockfileVersion": 1,
    "dependencies": {
        "@types/dat.gui": {
            "version": "0.7.6",
            "resolved": "https://registry.npmjs.org/@types/dat.gui/-/dat.gui-0.7.6.tgz",
            "integrity": "sha512-Dx9f9CkXJkDAxt9M05vc7DItSqsiEhWN7Rx3vgO/maltv/nX9TaMX2sd/iAMENnL1D5FivetktJEyCBLFu50CQ==",
            "dev": true
        },
        "ts2fable": {
            "version": "0.7.1",
            "resolved": "https://registry.npmjs.org/ts2fable/-/ts2fable-0.7.1.tgz",
            "integrity": "sha512-4CiCzuWF9ueSLlr+OozcwaehhCno1frnPZbHM7Jd4EfKzSlHk3hyjrhFKttnXQ2Sx0tGe8C4xwjDhnZaOSqFkw==",
            "dev": true,
            "requires": {
                "typescript": "3.7.4"
            }
        },
        "typescript": {
            "version": "3.7.4",
            "resolved": "https://registry.npmjs.org/typescript/-/typescript-3.7.4.tgz",
            "integrity": "sha512-A25xv5XCtarLwXpcDNZzCGvW2D1S3/bACratYBx2sax8PefsFhlYmkQicKHvpYflFS8if4zne5zT5kpJ7pzuvw==",
            "dev": true
        }
    }
}
